
Microsoft Visual Studio Solution File, Format Version 12.00
# Visual Studio Version 17
VisualStudioVersion = 17.2.32526.322
MinimumVisualStudioVersion = 10.0.40219.1
Project("{FAE04EC0-301F-11D3-BF4B-00C04F79EFBC}") = "RocketSoundEnhancement", "Source\RocketSoundEnhancement\RocketSoundEnhancement.csproj", "{BBC72A52-EE4F-4DC0-9845-4350A54AC1CD}"
EndProject
Project("{FAE04EC0-301F-11D3-BF4B-00C04F79EFBC}") = "RocketSoundEnhancement.Unity", "Source\RocketSoundEnhancement.Unity\RocketSoundEnhancement.Unity.csproj", "{5DFF0176-7BA8-49F4-8155-F5D9B37D7D3D}"
EndProject
Project("{2150E333-8FDC-42A3-9474-1A3956D46DE8}") = "Solution Items", "Solution Items", "{23E94561-E5A6-43BE-90D8-A93E167D6A5F}"
	ProjectSection(SolutionItems) = preProject
		changelog.md = changelog.md
		GameData\RocketSoundEnhancement\RocketSoundEnhancement.version = GameData\RocketSoundEnhancement\RocketSoundEnhancement.version
		GameData\RocketSoundEnhancement\Settings.cfg = GameData\RocketSoundEnhancement\Settings.cfg
	EndProjectSection
EndProject
Global
	GlobalSection(SolutionConfigurationPlatforms) = preSolution
		Debug|Any CPU = Debug|Any CPU
		Release|Any CPU = Release|Any CPU
	EndGlobalSection
	GlobalSection(ProjectConfigurationPlatforms) = postSolution
		{BBC72A52-EE4F-4DC0-9845-4350A54AC1CD}.Debug|Any CPU.ActiveCfg = Debug|Any CPU
		{BBC72A52-EE4F-4DC0-9845-4350A54AC1CD}.Debug|Any CPU.Build.0 = Debug|Any CPU
		{BBC72A52-EE4F-4DC0-9845-4350A54AC1CD}.Release|Any CPU.ActiveCfg = Release|Any CPU
		{BBC72A52-EE4F-4DC0-9845-4350A54AC1CD}.Release|Any CPU.Build.0 = Release|Any CPU
		{5DFF0176-7BA8-49F4-8155-F5D9B37D7D3D}.Debug|Any CPU.ActiveCfg = Debug|Any CPU
		{5DFF0176-7BA8-49F4-8155-F5D9B37D7D3D}.Debug|Any CPU.Build.0 = Debug|Any CPU
		{5DFF0176-7BA8-49F4-8155-F5D9B37D7D3D}.Release|Any CPU.ActiveCfg = Release|Any CPU
		{5DFF0176-7BA8-49F4-8155-F5D9B37D7D3D}.Release|Any CPU.Build.0 = Release|Any CPU
	EndGlobalSection
	GlobalSection(SolutionProperties) = preSolution
		HideSolutionNode = FALSE
	EndGlobalSection
	GlobalSection(ExtensibilityGlobals) = postSolution
		SolutionGuid = {690879CC-0199-4D04-9D65-64CE9A442824}
	EndGlobalSection
EndGlobal
