
Microsoft Visual Studio Solution File, Format Version 12.00
# Visual Studio 2012
# SharpDevelop 5.1
VisualStudioVersion = 12.0.20827.3
MinimumVisualStudioVersion = 10.0.40219.1
Project("{FAE04EC0-301F-11D3-BF4B-00C04F79EFBC}") = "RSEAudio", "RSEAudio.csproj", "{BBC72A52-EE4F-4DC0-9845-4350A54AC1CD}"
EndProject
Global
	GlobalSection(SolutionConfigurationPlatforms) = preSolution
		Debug|Any CPU = Debug|Any CPU
		Release|Any CPU = Release|Any CPU
	EndGlobalSection
	GlobalSection(ProjectConfigurationPlatforms) = postSolution
		{BBC72A52-EE4F-4DC0-9845-4350A54AC1CD}.Debug|Any CPU.ActiveCfg = Debug|Any CPU
		{BBC72A52-EE4F-4DC0-9845-4350A54AC1CD}.Debug|Any CPU.Build.0 = Debug|Any CPU
		{BBC72A52-EE4F-4DC0-9845-4350A54AC1CD}.Release|Any CPU.ActiveCfg = Debug|Any CPU
		{BBC72A52-EE4F-4DC0-9845-4350A54AC1CD}.Release|Any CPU.Build.0 = Debug|Any CPU
	EndGlobalSection
EndGlobal
