
Microsoft Visual Studio Solution File, Format Version 11.00
# Visual Studio 2010
# SharpDevelop 5.1
Project("{FAE04EC0-301F-11D3-BF4B-00C04F79EFBC}") = "RSEAudio", "RSEAudio\RSEAudio.csproj", "{5F6A7425-33F6-4925-971D-CD63DC2B1EB7}"
EndProject
Global
	GlobalSection(SolutionConfigurationPlatforms) = preSolution
		Debug|Any CPU = Debug|Any CPU
		Release|Any CPU = Release|Any CPU
	EndGlobalSection
	GlobalSection(ProjectConfigurationPlatforms) = postSolution
		{5F6A7425-33F6-4925-971D-CD63DC2B1EB7}.Debug|Any CPU.ActiveCfg = Debug|Any CPU
		{5F6A7425-33F6-4925-971D-CD63DC2B1EB7}.Debug|Any CPU.Build.0 = Debug|Any CPU
		{5F6A7425-33F6-4925-971D-CD63DC2B1EB7}.Release|Any CPU.ActiveCfg = Release|Any CPU
		{5F6A7425-33F6-4925-971D-CD63DC2B1EB7}.Release|Any CPU.Build.0 = Release|Any CPU
	EndGlobalSection
EndGlobal
